
Microsoft Visual Studio Solution File, Format Version 12.00
# Visual Studio Version 16
VisualStudioVersion = 16.0.30804.86
MinimumVisualStudioVersion = 10.0.40219.1
Project("{9A19103F-16F7-4668-BE54-9A1E7A4F7556}") = "NintexAssessment", "NintexAssessment\NintexAssessment.csproj", "{388F72F7-A6FA-4D6D-A7FE-C8AA3D2E15ED}"
EndProject
Project("{9A19103F-16F7-4668-BE54-9A1E7A4F7556}") = "NintexAssessmentXUnitTest", "NintexAssessmentXUnitTest\NintexAssessmentXUnitTest.csproj", "{DE7E1D34-1192-4D80-91A0-51EF0121726C}"
EndProject
Project("{FAE04EC0-301F-11D3-BF4B-00C04F79EFBC}") = "NintextAssessmentIntegrationTest", "NintextAssessmentIntegrationTest\NintextAssessmentIntegrationTest.csproj", "{F5E90099-5DEB-4447-8614-A573C35E2DCF}"
EndProject
Global
	GlobalSection(SolutionConfigurationPlatforms) = preSolution
		Debug|Any CPU = Debug|Any CPU
		Release|Any CPU = Release|Any CPU
	EndGlobalSection
	GlobalSection(ProjectConfigurationPlatforms) = postSolution
		{388F72F7-A6FA-4D6D-A7FE-C8AA3D2E15ED}.Debug|Any CPU.ActiveCfg = Debug|Any CPU
		{388F72F7-A6FA-4D6D-A7FE-C8AA3D2E15ED}.Debug|Any CPU.Build.0 = Debug|Any CPU
		{388F72F7-A6FA-4D6D-A7FE-C8AA3D2E15ED}.Release|Any CPU.ActiveCfg = Release|Any CPU
		{388F72F7-A6FA-4D6D-A7FE-C8AA3D2E15ED}.Release|Any CPU.Build.0 = Release|Any CPU
		{DE7E1D34-1192-4D80-91A0-51EF0121726C}.Debug|Any CPU.ActiveCfg = Debug|Any CPU
		{DE7E1D34-1192-4D80-91A0-51EF0121726C}.Debug|Any CPU.Build.0 = Debug|Any CPU
		{DE7E1D34-1192-4D80-91A0-51EF0121726C}.Release|Any CPU.ActiveCfg = Release|Any CPU
		{DE7E1D34-1192-4D80-91A0-51EF0121726C}.Release|Any CPU.Build.0 = Release|Any CPU
		{F5E90099-5DEB-4447-8614-A573C35E2DCF}.Debug|Any CPU.ActiveCfg = Debug|Any CPU
		{F5E90099-5DEB-4447-8614-A573C35E2DCF}.Debug|Any CPU.Build.0 = Debug|Any CPU
		{F5E90099-5DEB-4447-8614-A573C35E2DCF}.Release|Any CPU.ActiveCfg = Release|Any CPU
		{F5E90099-5DEB-4447-8614-A573C35E2DCF}.Release|Any CPU.Build.0 = Release|Any CPU
	EndGlobalSection
	GlobalSection(SolutionProperties) = preSolution
		HideSolutionNode = FALSE
	EndGlobalSection
	GlobalSection(ExtensibilityGlobals) = postSolution
		SolutionGuid = {00442B1A-3D35-4EA6-B96C-44B7F6B625E9}
	EndGlobalSection
EndGlobal
